// !$*UTF8*$!
{
	archiveVersion = 1;
	classes = {
	};
	objectVersion = 56;
	objects = {

/* Begin PBXBuildFile section */
		1E00C55929D0FDC100624956 /* AppDelegate.swift in Sources */ = {isa = PBXBuildFile; fileRef = 1E00C55829D0FDC100624956 /* AppDelegate.swift */; };
		1E00C55B29D0FDC100624956 /* SceneDelegate.swift in Sources */ = {isa = PBXBuildFile; fileRef = 1E00C55A29D0FDC100624956 /* SceneDelegate.swift */; };
		1E00C55D29D0FDC100624956 /* MainTabBarViewController.swift in Sources */ = {isa = PBXBuildFile; fileRef = 1E00C55C29D0FDC100624956 /* MainTabBarViewController.swift */; };
		1E00C56229D0FDC200624956 /* Assets.xcassets in Resources */ = {isa = PBXBuildFile; fileRef = 1E00C56129D0FDC200624956 /* Assets.xcassets */; };
		1E00C56529D0FDC200624956 /* LaunchScreen.storyboard in Resources */ = {isa = PBXBuildFile; fileRef = 1E00C56329D0FDC200624956 /* LaunchScreen.storyboard */; };
		1E00C56F29D0FFBF00624956 /* HomeViewController.swift in Sources */ = {isa = PBXBuildFile; fileRef = 1E00C56E29D0FFBF00624956 /* HomeViewController.swift */; };
		1E00C57129D0FFDA00624956 /* UpcomingViewController.swift in Sources */ = {isa = PBXBuildFile; fileRef = 1E00C57029D0FFDA00624956 /* UpcomingViewController.swift */; };
		1E00C57329D0FFEF00624956 /* SearchViewController.swift in Sources */ = {isa = PBXBuildFile; fileRef = 1E00C57229D0FFEF00624956 /* SearchViewController.swift */; };
		1E00C57529D1000E00624956 /* DownloadsViewController.swift in Sources */ = {isa = PBXBuildFile; fileRef = 1E00C57429D1000E00624956 /* DownloadsViewController.swift */; };
		1E00C57B29D1042200624956 /* CollectionViewTableViewCell.swift in Sources */ = {isa = PBXBuildFile; fileRef = 1E00C57A29D1042200624956 /* CollectionViewTableViewCell.swift */; };
		1E00C57D29D10AE700624956 /* HeroHeaderUIView.swift in Sources */ = {isa = PBXBuildFile; fileRef = 1E00C57C29D10AE700624956 /* HeroHeaderUIView.swift */; };
		1EB8D1C529D2343800560BE6 /* APICaller.swift in Sources */ = {isa = PBXBuildFile; fileRef = 1EB8D1C429D2343800560BE6 /* APICaller.swift */; };
		1EB8D1C729D2373100560BE6 /* Title.swift in Sources */ = {isa = PBXBuildFile; fileRef = 1EB8D1C629D2373100560BE6 /* Title.swift */; };
		1EB8D1C929D24CD400560BE6 /* Extensions.swift in Sources */ = {isa = PBXBuildFile; fileRef = 1EB8D1C829D24CD400560BE6 /* Extensions.swift */; };
		1EB8D1CD29D25A5100560BE6 /* TitleCollectionViewCell.swift in Sources */ = {isa = PBXBuildFile; fileRef = 1EB8D1CC29D25A5100560BE6 /* TitleCollectionViewCell.swift */; };
		1EB8D1D029D25B7300560BE6 /* SDWebImage in Frameworks */ = {isa = PBXBuildFile; productRef = 1EB8D1CF29D25B7300560BE6 /* SDWebImage */; };
		1EB8D1D229D25B7300560BE6 /* SDWebImageMapKit in Frameworks */ = {isa = PBXBuildFile; productRef = 1EB8D1D129D25B7300560BE6 /* SDWebImageMapKit */; };
		1EB8D1D429D2660A00560BE6 /* TitleTableViewCell.swift in Sources */ = {isa = PBXBuildFile; fileRef = 1EB8D1D329D2660A00560BE6 /* TitleTableViewCell.swift */; };
		1EB8D1D629D267FF00560BE6 /* TitleViewModel.swift in Sources */ = {isa = PBXBuildFile; fileRef = 1EB8D1D529D267FF00560BE6 /* TitleViewModel.swift */; };
/* End PBXBuildFile section */

/* Begin PBXFileReference section */
		1E00C55529D0FDC100624956 /* Netflix Clone.app */ = {isa = PBXFileReference; explicitFileType = wrapper.application; includeInIndex = 0; path = "Netflix Clone.app"; sourceTree = BUILT_PRODUCTS_DIR; };
		1E00C55829D0FDC100624956 /* AppDelegate.swift */ = {isa = PBXFileReference; lastKnownFileType = sourcecode.swift; path = AppDelegate.swift; sourceTree = "<group>"; };
		1E00C55A29D0FDC100624956 /* SceneDelegate.swift */ = {isa = PBXFileReference; lastKnownFileType = sourcecode.swift; path = SceneDelegate.swift; sourceTree = "<group>"; };
		1E00C55C29D0FDC100624956 /* MainTabBarViewController.swift */ = {isa = PBXFileReference; lastKnownFileType = sourcecode.swift; path = MainTabBarViewController.swift; sourceTree = "<group>"; };
		1E00C56129D0FDC200624956 /* Assets.xcassets */ = {isa = PBXFileReference; lastKnownFileType = folder.assetcatalog; path = Assets.xcassets; sourceTree = "<group>"; };
		1E00C56429D0FDC200624956 /* Base */ = {isa = PBXFileReference; lastKnownFileType = file.storyboard; name = Base; path = Base.lproj/LaunchScreen.storyboard; sourceTree = "<group>"; };
		1E00C56629D0FDC200624956 /* Info.plist */ = {isa = PBXFileReference; lastKnownFileType = text.plist.xml; path = Info.plist; sourceTree = "<group>"; };
		1E00C56E29D0FFBF00624956 /* HomeViewController.swift */ = {isa = PBXFileReference; lastKnownFileType = sourcecode.swift; path = HomeViewController.swift; sourceTree = "<group>"; };
		1E00C57029D0FFDA00624956 /* UpcomingViewController.swift */ = {isa = PBXFileReference; lastKnownFileType = sourcecode.swift; path = UpcomingViewController.swift; sourceTree = "<group>"; };
		1E00C57229D0FFEF00624956 /* SearchViewController.swift */ = {isa = PBXFileReference; lastKnownFileType = sourcecode.swift; path = SearchViewController.swift; sourceTree = "<group>"; };
		1E00C57429D1000E00624956 /* DownloadsViewController.swift */ = {isa = PBXFileReference; lastKnownFileType = sourcecode.swift; path = DownloadsViewController.swift; sourceTree = "<group>"; };
		1E00C57A29D1042200624956 /* CollectionViewTableViewCell.swift */ = {isa = PBXFileReference; lastKnownFileType = sourcecode.swift; path = CollectionViewTableViewCell.swift; sourceTree = "<group>"; };
		1E00C57C29D10AE700624956 /* HeroHeaderUIView.swift */ = {isa = PBXFileReference; lastKnownFileType = sourcecode.swift; path = HeroHeaderUIView.swift; sourceTree = "<group>"; };
		1EB8D1C429D2343800560BE6 /* APICaller.swift */ = {isa = PBXFileReference; lastKnownFileType = sourcecode.swift; path = APICaller.swift; sourceTree = "<group>"; };
		1EB8D1C629D2373100560BE6 /* Title.swift */ = {isa = PBXFileReference; lastKnownFileType = sourcecode.swift; path = Title.swift; sourceTree = "<group>"; };
		1EB8D1C829D24CD400560BE6 /* Extensions.swift */ = {isa = PBXFileReference; lastKnownFileType = sourcecode.swift; path = Extensions.swift; sourceTree = "<group>"; };
		1EB8D1CC29D25A5100560BE6 /* TitleCollectionViewCell.swift */ = {isa = PBXFileReference; lastKnownFileType = sourcecode.swift; path = TitleCollectionViewCell.swift; sourceTree = "<group>"; };
		1EB8D1D329D2660A00560BE6 /* TitleTableViewCell.swift */ = {isa = PBXFileReference; lastKnownFileType = sourcecode.swift; path = TitleTableViewCell.swift; sourceTree = "<group>"; };
		1EB8D1D529D267FF00560BE6 /* TitleViewModel.swift */ = {isa = PBXFileReference; lastKnownFileType = sourcecode.swift; path = TitleViewModel.swift; sourceTree = "<group>"; };
/* End PBXFileReference section */

/* Begin PBXFrameworksBuildPhase section */
		1E00C55229D0FDC100624956 /* Frameworks */ = {
			isa = PBXFrameworksBuildPhase;
			buildActionMask = 2147483647;
			files = (
				1EB8D1D229D25B7300560BE6 /* SDWebImageMapKit in Frameworks */,
				1EB8D1D029D25B7300560BE6 /* SDWebImage in Frameworks */,
			);
			runOnlyForDeploymentPostprocessing = 0;
		};
/* End PBXFrameworksBuildPhase section */

/* Begin PBXGroup section */
		1E00C54C29D0FDC100624956 = {
			isa = PBXGroup;
			children = (
				1E00C55729D0FDC100624956 /* Netflix Clone */,
				1E00C55629D0FDC100624956 /* Products */,
			);
			sourceTree = "<group>";
		};
		1E00C55629D0FDC100624956 /* Products */ = {
			isa = PBXGroup;
			children = (
				1E00C55529D0FDC100624956 /* Netflix Clone.app */,
			);
			name = Products;
			sourceTree = "<group>";
		};
		1E00C55729D0FDC100624956 /* Netflix Clone */ = {
			isa = PBXGroup;
			children = (
				1E00C57929D103FE00624956 /* Managers */,
				1E00C57829D103F900624956 /* Resources */,
				1E00C57729D103DB00624956 /* Models */,
				1E00C57629D103D600624956 /* ViewModels */,
				1E00C56D29D0FFB300624956 /* Views */,
				1E00C56C29D0FFAC00624956 /* Controllers */,
				1E00C55829D0FDC100624956 /* AppDelegate.swift */,
				1E00C55A29D0FDC100624956 /* SceneDelegate.swift */,
				1E00C55C29D0FDC100624956 /* MainTabBarViewController.swift */,
				1E00C56129D0FDC200624956 /* Assets.xcassets */,
				1E00C56329D0FDC200624956 /* LaunchScreen.storyboard */,
				1E00C56629D0FDC200624956 /* Info.plist */,
			);
			path = "Netflix Clone";
			sourceTree = "<group>";
		};
		1E00C56C29D0FFAC00624956 /* Controllers */ = {
			isa = PBXGroup;
			children = (
				1E00C56E29D0FFBF00624956 /* HomeViewController.swift */,
				1E00C57029D0FFDA00624956 /* UpcomingViewController.swift */,
				1E00C57229D0FFEF00624956 /* SearchViewController.swift */,
				1E00C57429D1000E00624956 /* DownloadsViewController.swift */,
			);
			path = Controllers;
			sourceTree = "<group>";
		};
		1E00C56D29D0FFB300624956 /* Views */ = {
			isa = PBXGroup;
			children = (
				1E00C57A29D1042200624956 /* CollectionViewTableViewCell.swift */,
				1E00C57C29D10AE700624956 /* HeroHeaderUIView.swift */,
				1EB8D1CC29D25A5100560BE6 /* TitleCollectionViewCell.swift */,
				1EB8D1D329D2660A00560BE6 /* TitleTableViewCell.swift */,
			);
			path = Views;
			sourceTree = "<group>";
		};
		1E00C57629D103D600624956 /* ViewModels */ = {
			isa = PBXGroup;
			children = (
				1EB8D1D529D267FF00560BE6 /* TitleViewModel.swift */,
			);
			path = ViewModels;
			sourceTree = "<group>";
		};
		1E00C57729D103DB00624956 /* Models */ = {
			isa = PBXGroup;
			children = (
				1EB8D1C629D2373100560BE6 /* Title.swift */,
			);
			path = Models;
			sourceTree = "<group>";
		};
		1E00C57829D103F900624956 /* Resources */ = {
			isa = PBXGroup;
			children = (
				1EB8D1C829D24CD400560BE6 /* Extensions.swift */,
			);
			path = Resources;
			sourceTree = "<group>";
		};
		1E00C57929D103FE00624956 /* Managers */ = {
			isa = PBXGroup;
			children = (
				1EB8D1C429D2343800560BE6 /* APICaller.swift */,
			);
			path = Managers;
			sourceTree = "<group>";
		};
/* End PBXGroup section */

/* Begin PBXNativeTarget section */
		1E00C55429D0FDC100624956 /* Netflix Clone */ = {
			isa = PBXNativeTarget;
			buildConfigurationList = 1E00C56929D0FDC200624956 /* Build configuration list for PBXNativeTarget "Netflix Clone" */;
			buildPhases = (
				1E00C55129D0FDC100624956 /* Sources */,
				1E00C55229D0FDC100624956 /* Frameworks */,
				1E00C55329D0FDC100624956 /* Resources */,
			);
			buildRules = (
			);
			dependencies = (
			);
			name = "Netflix Clone";
			packageProductDependencies = (
				1EB8D1CF29D25B7300560BE6 /* SDWebImage */,
				1EB8D1D129D25B7300560BE6 /* SDWebImageMapKit */,
			);
			productName = "Netflix Clone";
			productReference = 1E00C55529D0FDC100624956 /* Netflix Clone.app */;
			productType = "com.apple.product-type.application";
		};
/* End PBXNativeTarget section */

/* Begin PBXProject section */
		1E00C54D29D0FDC100624956 /* Project object */ = {
			isa = PBXProject;
			attributes = {
				BuildIndependentTargetsInParallel = 1;
				LastSwiftUpdateCheck = 1420;
				LastUpgradeCheck = 1420;
				TargetAttributes = {
					1E00C55429D0FDC100624956 = {
						CreatedOnToolsVersion = 14.2;
					};
				};
			};
			buildConfigurationList = 1E00C55029D0FDC100624956 /* Build configuration list for PBXProject "Netflix Clone" */;
			compatibilityVersion = "Xcode 14.0";
			developmentRegion = en;
			hasScannedForEncodings = 0;
			knownRegions = (
				en,
				Base,
			);
			mainGroup = 1E00C54C29D0FDC100624956;
			packageReferences = (
				1EB8D1CE29D25B7300560BE6 /* XCRemoteSwiftPackageReference "SDWebImage" */,
			);
			productRefGroup = 1E00C55629D0FDC100624956 /* Products */;
			projectDirPath = "";
			projectRoot = "";
			targets = (
				1E00C55429D0FDC100624956 /* Netflix Clone */,
			);
		};
/* End PBXProject section */

/* Begin PBXResourcesBuildPhase section */
		1E00C55329D0FDC100624956 /* Resources */ = {
			isa = PBXResourcesBuildPhase;
			buildActionMask = 2147483647;
			files = (
				1E00C56529D0FDC200624956 /* LaunchScreen.storyboard in Resources */,
				1E00C56229D0FDC200624956 /* Assets.xcassets in Resources */,
			);
			runOnlyForDeploymentPostprocessing = 0;
		};
/* End PBXResourcesBuildPhase section */

/* Begin PBXSourcesBuildPhase section */
		1E00C55129D0FDC100624956 /* Sources */ = {
			isa = PBXSourcesBuildPhase;
			buildActionMask = 2147483647;
			files = (
				1EB8D1D429D2660A00560BE6 /* TitleTableViewCell.swift in Sources */,
				1E00C57329D0FFEF00624956 /* SearchViewController.swift in Sources */,
				1EB8D1CD29D25A5100560BE6 /* TitleCollectionViewCell.swift in Sources */,
				1E00C55D29D0FDC100624956 /* MainTabBarViewController.swift in Sources */,
				1E00C57B29D1042200624956 /* CollectionViewTableViewCell.swift in Sources */,
				1EB8D1C529D2343800560BE6 /* APICaller.swift in Sources */,
				1E00C57D29D10AE700624956 /* HeroHeaderUIView.swift in Sources */,
				1E00C57529D1000E00624956 /* DownloadsViewController.swift in Sources */,
				1E00C55929D0FDC100624956 /* AppDelegate.swift in Sources */,
				1EB8D1C929D24CD400560BE6 /* Extensions.swift in Sources */,
				1E00C55B29D0FDC100624956 /* SceneDelegate.swift in Sources */,
				1E00C57129D0FFDA00624956 /* UpcomingViewController.swift in Sources */,
				1EB8D1C729D2373100560BE6 /* Title.swift in Sources */,
				1E00C56F29D0FFBF00624956 /* HomeViewController.swift in Sources */,
				1EB8D1D629D267FF00560BE6 /* TitleViewModel.swift in Sources */,
			);
			runOnlyForDeploymentPostprocessing = 0;
		};
/* End PBXSourcesBuildPhase section */

/* Begin PBXVariantGroup section */
		1E00C56329D0FDC200624956 /* LaunchScreen.storyboard */ = {
			isa = PBXVariantGroup;
			children = (
				1E00C56429D0FDC200624956 /* Base */,
			);
			name = LaunchScreen.storyboard;
			sourceTree = "<group>";
		};
/* End PBXVariantGroup section */

/* Begin XCBuildConfiguration section */
		1E00C56729D0FDC200624956 /* Debug */ = {
			isa = XCBuildConfiguration;
			buildSettings = {
				ALWAYS_SEARCH_USER_PATHS = NO;
				CLANG_ANALYZER_NONNULL = YES;
				CLANG_ANALYZER_NUMBER_OBJECT_CONVERSION = YES_AGGRESSIVE;
				CLANG_CXX_LANGUAGE_STANDARD = "gnu++20";
				CLANG_ENABLE_MODULES = YES;
				CLANG_ENABLE_OBJC_ARC = YES;
				CLANG_ENABLE_OBJC_WEAK = YES;
				CLANG_WARN_BLOCK_CAPTURE_AUTORELEASING = YES;
				CLANG_WARN_BOOL_CONVERSION = YES;
				CLANG_WARN_COMMA = YES;
				CLANG_WARN_CONSTANT_CONVERSION = YES;
				CLANG_WARN_DEPRECATED_OBJC_IMPLEMENTATIONS = YES;
				CLANG_WARN_DIRECT_OBJC_ISA_USAGE = YES_ERROR;
				CLANG_WARN_DOCUMENTATION_COMMENTS = YES;
				CLANG_WARN_EMPTY_BODY = YES;
				CLANG_WARN_ENUM_CONVERSION = YES;
				CLANG_WARN_INFINITE_RECURSION = YES;
				CLANG_WARN_INT_CONVERSION = YES;
				CLANG_WARN_NON_LITERAL_NULL_CONVERSION = YES;
				CLANG_WARN_OBJC_IMPLICIT_RETAIN_SELF = YES;
				CLANG_WARN_OBJC_LITERAL_CONVERSION = YES;
				CLANG_WARN_OBJC_ROOT_CLASS = YES_ERROR;
				CLANG_WARN_QUOTED_INCLUDE_IN_FRAMEWORK_HEADER = YES;
				CLANG_WARN_RANGE_LOOP_ANALYSIS = YES;
				CLANG_WARN_STRICT_PROTOTYPES = YES;
				CLANG_WARN_SUSPICIOUS_MOVE = YES;
				CLANG_WARN_UNGUARDED_AVAILABILITY = YES_AGGRESSIVE;
				CLANG_WARN_UNREACHABLE_CODE = YES;
				CLANG_WARN__DUPLICATE_METHOD_MATCH = YES;
				COPY_PHASE_STRIP = NO;
				DEBUG_INFORMATION_FORMAT = dwarf;
				ENABLE_STRICT_OBJC_MSGSEND = YES;
				ENABLE_TESTABILITY = YES;
				GCC_C_LANGUAGE_STANDARD = gnu11;
				GCC_DYNAMIC_NO_PIC = NO;
				GCC_NO_COMMON_BLOCKS = YES;
				GCC_OPTIMIZATION_LEVEL = 0;
				GCC_PREPROCESSOR_DEFINITIONS = (
					"DEBUG=1",
					"$(inherited)",
				);
				GCC_WARN_64_TO_32_BIT_CONVERSION = YES;
				GCC_WARN_ABOUT_RETURN_TYPE = YES_ERROR;
				GCC_WARN_UNDECLARED_SELECTOR = YES;
				GCC_WARN_UNINITIALIZED_AUTOS = YES_AGGRESSIVE;
				GCC_WARN_UNUSED_FUNCTION = YES;
				GCC_WARN_UNUSED_VARIABLE = YES;
				IPHONEOS_DEPLOYMENT_TARGET = 16.2;
				MTL_ENABLE_DEBUG_INFO = INCLUDE_SOURCE;
				MTL_FAST_MATH = YES;
				ONLY_ACTIVE_ARCH = YES;
				SDKROOT = iphoneos;
				SWIFT_ACTIVE_COMPILATION_CONDITIONS = DEBUG;
				SWIFT_OPTIMIZATION_LEVEL = "-Onone";
			};
			name = Debug;
		};
		1E00C56829D0FDC200624956 /* Release */ = {
			isa = XCBuildConfiguration;
			buildSettings = {
				ALWAYS_SEARCH_USER_PATHS = NO;
				CLANG_ANALYZER_NONNULL = YES;
				CLANG_ANALYZER_NUMBER_OBJECT_CONVERSION = YES_AGGRESSIVE;
				CLANG_CXX_LANGUAGE_STANDARD = "gnu++20";
				CLANG_ENABLE_MODULES = YES;
				CLANG_ENABLE_OBJC_ARC = YES;
				CLANG_ENABLE_OBJC_WEAK = YES;
				CLANG_WARN_BLOCK_CAPTURE_AUTORELEASING = YES;
				CLANG_WARN_BOOL_CONVERSION = YES;
				CLANG_WARN_COMMA = YES;
				CLANG_WARN_CONSTANT_CONVERSION = YES;
				CLANG_WARN_DEPRECATED_OBJC_IMPLEMENTATIONS = YES;
				CLANG_WARN_DIRECT_OBJC_ISA_USAGE = YES_ERROR;
				CLANG_WARN_DOCUMENTATION_COMMENTS = YES;
				CLANG_WARN_EMPTY_BODY = YES;
				CLANG_WARN_ENUM_CONVERSION = YES;
				CLANG_WARN_INFINITE_RECURSION = YES;
				CLANG_WARN_INT_CONVERSION = YES;
				CLANG_WARN_NON_LITERAL_NULL_CONVERSION = YES;
				CLANG_WARN_OBJC_IMPLICIT_RETAIN_SELF = YES;
				CLANG_WARN_OBJC_LITERAL_CONVERSION = YES;
				CLANG_WARN_OBJC_ROOT_CLASS = YES_ERROR;
				CLANG_WARN_QUOTED_INCLUDE_IN_FRAMEWORK_HEADER = YES;
				CLANG_WARN_RANGE_LOOP_ANALYSIS = YES;
				CLANG_WARN_STRICT_PROTOTYPES = YES;
				CLANG_WARN_SUSPICIOUS_MOVE = YES;
				CLANG_WARN_UNGUARDED_AVAILABILITY = YES_AGGRESSIVE;
				CLANG_WARN_UNREACHABLE_CODE = YES;
				CLANG_WARN__DUPLICATE_METHOD_MATCH = YES;
				COPY_PHASE_STRIP = NO;
				DEBUG_INFORMATION_FORMAT = "dwarf-with-dsym";
				ENABLE_NS_ASSERTIONS = NO;
				ENABLE_STRICT_OBJC_MSGSEND = YES;
				GCC_C_LANGUAGE_STANDARD = gnu11;
				GCC_NO_COMMON_BLOCKS = YES;
				GCC_WARN_64_TO_32_BIT_CONVERSION = YES;
				GCC_WARN_ABOUT_RETURN_TYPE = YES_ERROR;
				GCC_WARN_UNDECLARED_SELECTOR = YES;
				GCC_WARN_UNINITIALIZED_AUTOS = YES_AGGRESSIVE;
				GCC_WARN_UNUSED_FUNCTION = YES;
				GCC_WARN_UNUSED_VARIABLE = YES;
				IPHONEOS_DEPLOYMENT_TARGET = 16.2;
				MTL_ENABLE_DEBUG_INFO = NO;
				MTL_FAST_MATH = YES;
				SDKROOT = iphoneos;
				SWIFT_COMPILATION_MODE = wholemodule;
				SWIFT_OPTIMIZATION_LEVEL = "-O";
				VALIDATE_PRODUCT = YES;
			};
			name = Release;
		};
		1E00C56A29D0FDC200624956 /* Debug */ = {
			isa = XCBuildConfiguration;
			buildSettings = {
				ASSETCATALOG_COMPILER_APPICON_NAME = AppIcon;
				ASSETCATALOG_COMPILER_GLOBAL_ACCENT_COLOR_NAME = AccentColor;
				CODE_SIGN_STYLE = Automatic;
				CURRENT_PROJECT_VERSION = 1;
				DEVELOPMENT_TEAM = KSGZPL6D9M;
				GENERATE_INFOPLIST_FILE = YES;
				INFOPLIST_FILE = "Netflix Clone/Info.plist";
				INFOPLIST_KEY_UIApplicationSupportsIndirectInputEvents = YES;
				INFOPLIST_KEY_UILaunchStoryboardName = LaunchScreen;
				INFOPLIST_KEY_UISupportedInterfaceOrientations_iPad = "UIInterfaceOrientationPortrait UIInterfaceOrientationPortraitUpsideDown UIInterfaceOrientationLandscapeLeft UIInterfaceOrientationLandscapeRight";
				INFOPLIST_KEY_UISupportedInterfaceOrientations_iPhone = "UIInterfaceOrientationPortrait UIInterfaceOrientationLandscapeLeft UIInterfaceOrientationLandscapeRight";
				LD_RUNPATH_SEARCH_PATHS = (
					"$(inherited)",
					"@executable_path/Frameworks",
				);
				MARKETING_VERSION = 1.0;
				PRODUCT_BUNDLE_IDENTIFIER = "com.ozbagdatli.Netflix-Clone";
				PRODUCT_NAME = "$(TARGET_NAME)";
				SWIFT_EMIT_LOC_STRINGS = YES;
				SWIFT_VERSION = 5.0;
				TARGETED_DEVICE_FAMILY = "1,2";
			};
			name = Debug;
		};
		1E00C56B29D0FDC200624956 /* Release */ = {
			isa = XCBuildConfiguration;
			buildSettings = {
				ASSETCATALOG_COMPILER_APPICON_NAME = AppIcon;
				ASSETCATALOG_COMPILER_GLOBAL_ACCENT_COLOR_NAME = AccentColor;
				CODE_SIGN_STYLE = Automatic;
				CURRENT_PROJECT_VERSION = 1;
				DEVELOPMENT_TEAM = KSGZPL6D9M;
				GENERATE_INFOPLIST_FILE = YES;
				INFOPLIST_FILE = "Netflix Clone/Info.plist";
				INFOPLIST_KEY_UIApplicationSupportsIndirectInputEvents = YES;
				INFOPLIST_KEY_UILaunchStoryboardName = LaunchScreen;
				INFOPLIST_KEY_UISupportedInterfaceOrientations_iPad = "UIInterfaceOrientationPortrait UIInterfaceOrientationPortraitUpsideDown UIInterfaceOrientationLandscapeLeft UIInterfaceOrientationLandscapeRight";
				INFOPLIST_KEY_UISupportedInterfaceOrientations_iPhone = "UIInterfaceOrientationPortrait UIInterfaceOrientationLandscapeLeft UIInterfaceOrientationLandscapeRight";
				LD_RUNPATH_SEARCH_PATHS = (
					"$(inherited)",
					"@executable_path/Frameworks",
				);
				MARKETING_VERSION = 1.0;
				PRODUCT_BUNDLE_IDENTIFIER = "com.ozbagdatli.Netflix-Clone";
				PRODUCT_NAME = "$(TARGET_NAME)";
				SWIFT_EMIT_LOC_STRINGS = YES;
				SWIFT_VERSION = 5.0;
				TARGETED_DEVICE_FAMILY = "1,2";
			};
			name = Release;
		};
/* End XCBuildConfiguration section */

/* Begin XCConfigurationList section */
		1E00C55029D0FDC100624956 /* Build configuration list for PBXProject "Netflix Clone" */ = {
			isa = XCConfigurationList;
			buildConfigurations = (
				1E00C56729D0FDC200624956 /* Debug */,
				1E00C56829D0FDC200624956 /* Release */,
			);
			defaultConfigurationIsVisible = 0;
			defaultConfigurationName = Release;
		};
		1E00C56929D0FDC200624956 /* Build configuration list for PBXNativeTarget "Netflix Clone" */ = {
			isa = XCConfigurationList;
			buildConfigurations = (
				1E00C56A29D0FDC200624956 /* Debug */,
				1E00C56B29D0FDC200624956 /* Release */,
			);
			defaultConfigurationIsVisible = 0;
			defaultConfigurationName = Release;
		};
/* End XCConfigurationList section */

/* Begin XCRemoteSwiftPackageReference section */
		1EB8D1CE29D25B7300560BE6 /* XCRemoteSwiftPackageReference "SDWebImage" */ = {
			isa = XCRemoteSwiftPackageReference;
			repositoryURL = "https://github.com/SDWebImage/SDWebImage.git";
			requirement = {
				branch = master;
				kind = branch;
			};
		};
/* End XCRemoteSwiftPackageReference section */

/* Begin XCSwiftPackageProductDependency section */
		1EB8D1CF29D25B7300560BE6 /* SDWebImage */ = {
			isa = XCSwiftPackageProductDependency;
			package = 1EB8D1CE29D25B7300560BE6 /* XCRemoteSwiftPackageReference "SDWebImage" */;
			productName = SDWebImage;
		};
		1EB8D1D129D25B7300560BE6 /* SDWebImageMapKit */ = {
			isa = XCSwiftPackageProductDependency;
			package = 1EB8D1CE29D25B7300560BE6 /* XCRemoteSwiftPackageReference "SDWebImage" */;
			productName = SDWebImageMapKit;
		};
/* End XCSwiftPackageProductDependency section */
	};
	rootObject = 1E00C54D29D0FDC100624956 /* Project object */;
}
